
Microsoft Visual Studio Solution File, Format Version 12.00
# Visual Studio Version 16
VisualStudioVersion = 16.0.29424.173
MinimumVisualStudioVersion = 10.0.40219.1
Project("{FAE04EC0-301F-11D3-BF4B-00C04F79EFBC}") = "NodeReact", "NodeReact\NodeReact.csproj", "{1B104197-ED72-4B52-8635-BFAE4BBD7227}"
EndProject
Project("{9A19103F-16F7-4668-BE54-9A1E7A4F7556}") = "NodeReact.Sample.Webpack.AspNetCore", "NodeReact.Sample.Webpack.AspNetCore\NodeReact.Sample.Webpack.AspNetCore.csproj", "{E3A3B8D4-6708-44DB-B541-B4859EA3A703}"
EndProject
Global
	GlobalSection(SolutionConfigurationPlatforms) = preSolution
		Debug|Any CPU = Debug|Any CPU
		Release|Any CPU = Release|Any CPU
	EndGlobalSection
	GlobalSection(ProjectConfigurationPlatforms) = postSolution
		{1B104197-ED72-4B52-8635-BFAE4BBD7227}.Debug|Any CPU.ActiveCfg = Debug|Any CPU
		{1B104197-ED72-4B52-8635-BFAE4BBD7227}.Debug|Any CPU.Build.0 = Debug|Any CPU
		{1B104197-ED72-4B52-8635-BFAE4BBD7227}.Release|Any CPU.ActiveCfg = Release|Any CPU
		{1B104197-ED72-4B52-8635-BFAE4BBD7227}.Release|Any CPU.Build.0 = Release|Any CPU
		{E3A3B8D4-6708-44DB-B541-B4859EA3A703}.Debug|Any CPU.ActiveCfg = Debug|Any CPU
		{E3A3B8D4-6708-44DB-B541-B4859EA3A703}.Debug|Any CPU.Build.0 = Debug|Any CPU
		{E3A3B8D4-6708-44DB-B541-B4859EA3A703}.Release|Any CPU.ActiveCfg = Release|Any CPU
		{E3A3B8D4-6708-44DB-B541-B4859EA3A703}.Release|Any CPU.Build.0 = Release|Any CPU
	EndGlobalSection
	GlobalSection(SolutionProperties) = preSolution
		HideSolutionNode = FALSE
	EndGlobalSection
	GlobalSection(ExtensibilityGlobals) = postSolution
		SolutionGuid = {89D6609F-A2E2-432B-A327-0C759394E878}
	EndGlobalSection
EndGlobal
